
Microsoft Visual Studio Solution File, Format Version 12.00
# Visual Studio Version 17
VisualStudioVersion = 17.5.33530.505
MinimumVisualStudioVersion = 10.0.40219.1
Project("{F184B08F-C81C-45F6-A57F-5ABD9991F28F}") = "bakery", "bakery.vbproj", "{23AF9AA1-7C09-4B31-8CA3-AD14AB786C49}"
EndProject
Global
	GlobalSection(SolutionConfigurationPlatforms) = preSolution
		Debug|Any CPU = Debug|Any CPU
		Release|Any CPU = Release|Any CPU
	EndGlobalSection
	GlobalSection(ProjectConfigurationPlatforms) = postSolution
		{23AF9AA1-7C09-4B31-8CA3-AD14AB786C49}.Debug|Any CPU.ActiveCfg = Debug|Any CPU
		{23AF9AA1-7C09-4B31-8CA3-AD14AB786C49}.Debug|Any CPU.Build.0 = Debug|Any CPU
		{23AF9AA1-7C09-4B31-8CA3-AD14AB786C49}.Release|Any CPU.ActiveCfg = Release|Any CPU
		{23AF9AA1-7C09-4B31-8CA3-AD14AB786C49}.Release|Any CPU.Build.0 = Release|Any CPU
	EndGlobalSection
	GlobalSection(SolutionProperties) = preSolution
		HideSolutionNode = FALSE
	EndGlobalSection
	GlobalSection(ExtensibilityGlobals) = postSolution
		SolutionGuid = {2381D38B-3254-4D63-B3C9-BE4411F6ADC7}
	EndGlobalSection
EndGlobal
